
Microsoft Visual Studio Solution File, Format Version 12.00
# Visual Studio Version 16
VisualStudioVersion = 16.0.31025.218
MinimumVisualStudioVersion = 10.0.40219.1
Project("{9A19103F-16F7-4668-BE54-9A1E7A4F7556}") = "SmartLibrary.Identity.Application", "SmartLibrary.Identity.Application\SmartLibrary.Identity.Application.csproj", "{64BE73AC-E2CA-43C5-B7D5-FDBCC70AC3F3}"
EndProject
Project("{9A19103F-16F7-4668-BE54-9A1E7A4F7556}") = "SmartLibrary.Identity.Common", "SmartLibrary.Identity.Common\SmartLibrary.Identity.Common.csproj", "{B9A9ACEC-3410-4AB0-BDC7-84C13F6E0D6E}"
EndProject
Project("{9A19103F-16F7-4668-BE54-9A1E7A4F7556}") = "SmartLibrary.Identity.Database.Migrations", "SmartLibrary.Identity.Database.Migrations\SmartLibrary.Identity.Database.Migrations.csproj", "{CF77E360-A901-4CEA-AC5D-1E6DA9EE8283}"
EndProject
Project("{9A19103F-16F7-4668-BE54-9A1E7A4F7556}") = "SmartLibrary.Identity.EntityFramework.Core", "SmartLibrary.Identity.EntityFramework.Core\SmartLibrary.Identity.EntityFramework.Core.csproj", "{3B8EAA6F-BF6B-4872-B713-9CD423B9B58A}"
EndProject
Project("{9A19103F-16F7-4668-BE54-9A1E7A4F7556}") = "SmartLibrary.Identity.Web", "SmartLibrary.Identity.Web.Entry\SmartLibrary.Identity.Web.csproj", "{98D706F1-2BF2-4BDE-B6A8-BC4084B4E6D6}"
EndProject
Global
	GlobalSection(SolutionConfigurationPlatforms) = preSolution
		Debug|Any CPU = Debug|Any CPU
		Release|Any CPU = Release|Any CPU
	EndGlobalSection
	GlobalSection(ProjectConfigurationPlatforms) = postSolution
		{64BE73AC-E2CA-43C5-B7D5-FDBCC70AC3F3}.Debug|Any CPU.ActiveCfg = Debug|Any CPU
		{64BE73AC-E2CA-43C5-B7D5-FDBCC70AC3F3}.Debug|Any CPU.Build.0 = Debug|Any CPU
		{64BE73AC-E2CA-43C5-B7D5-FDBCC70AC3F3}.Release|Any CPU.ActiveCfg = Release|Any CPU
		{64BE73AC-E2CA-43C5-B7D5-FDBCC70AC3F3}.Release|Any CPU.Build.0 = Release|Any CPU
		{B9A9ACEC-3410-4AB0-BDC7-84C13F6E0D6E}.Debug|Any CPU.ActiveCfg = Debug|Any CPU
		{B9A9ACEC-3410-4AB0-BDC7-84C13F6E0D6E}.Debug|Any CPU.Build.0 = Debug|Any CPU
		{B9A9ACEC-3410-4AB0-BDC7-84C13F6E0D6E}.Release|Any CPU.ActiveCfg = Release|Any CPU
		{B9A9ACEC-3410-4AB0-BDC7-84C13F6E0D6E}.Release|Any CPU.Build.0 = Release|Any CPU
		{CF77E360-A901-4CEA-AC5D-1E6DA9EE8283}.Debug|Any CPU.ActiveCfg = Debug|Any CPU
		{CF77E360-A901-4CEA-AC5D-1E6DA9EE8283}.Debug|Any CPU.Build.0 = Debug|Any CPU
		{CF77E360-A901-4CEA-AC5D-1E6DA9EE8283}.Release|Any CPU.ActiveCfg = Release|Any CPU
		{CF77E360-A901-4CEA-AC5D-1E6DA9EE8283}.Release|Any CPU.Build.0 = Release|Any CPU
		{3B8EAA6F-BF6B-4872-B713-9CD423B9B58A}.Debug|Any CPU.ActiveCfg = Debug|Any CPU
		{3B8EAA6F-BF6B-4872-B713-9CD423B9B58A}.Debug|Any CPU.Build.0 = Debug|Any CPU
		{3B8EAA6F-BF6B-4872-B713-9CD423B9B58A}.Release|Any CPU.ActiveCfg = Release|Any CPU
		{3B8EAA6F-BF6B-4872-B713-9CD423B9B58A}.Release|Any CPU.Build.0 = Release|Any CPU
		{98D706F1-2BF2-4BDE-B6A8-BC4084B4E6D6}.Debug|Any CPU.ActiveCfg = Debug|Any CPU
		{98D706F1-2BF2-4BDE-B6A8-BC4084B4E6D6}.Debug|Any CPU.Build.0 = Debug|Any CPU
		{98D706F1-2BF2-4BDE-B6A8-BC4084B4E6D6}.Release|Any CPU.ActiveCfg = Release|Any CPU
		{98D706F1-2BF2-4BDE-B6A8-BC4084B4E6D6}.Release|Any CPU.Build.0 = Release|Any CPU
	EndGlobalSection
	GlobalSection(SolutionProperties) = preSolution
		HideSolutionNode = FALSE
	EndGlobalSection
	GlobalSection(ExtensibilityGlobals) = postSolution
		SolutionGuid = {A8EBF01D-792D-48BE-A164-D7593EAAE741}
	EndGlobalSection
EndGlobal
