
Microsoft Visual Studio Solution File, Format Version 12.00
# Visual Studio Version 16
VisualStudioVersion = 16.0.31025.218
MinimumVisualStudioVersion = 10.0.40219.1
Project("{9A19103F-16F7-4668-BE54-9A1E7A4F7556}") = "SmartLibrary.User.Application", "SmartLibrary.User.Application\SmartLibrary.User.Application.csproj", "{C897210D-6C64-4CBC-93F3-B4C847FB626A}"
EndProject
Project("{9A19103F-16F7-4668-BE54-9A1E7A4F7556}") = "SmartLibrary.User.Common", "SmartLibrary.User.Common\SmartLibrary.User.Common.csproj", "{B3A2462C-7B5A-4A4B-8E87-7863C776E89C}"
EndProject
Project("{9A19103F-16F7-4668-BE54-9A1E7A4F7556}") = "SmartLibrary.User.Database.Migrations", "SmartLibrary.User.Database.Migrations\SmartLibrary.User.Database.Migrations.csproj", "{C65AC1E5-AAE4-4C4C-B93F-D28023BE853F}"
EndProject
Project("{9A19103F-16F7-4668-BE54-9A1E7A4F7556}") = "SmartLibrary.User.EntityFramework.Core", "SmartLibrary.User.EntityFramework.Core\SmartLibrary.User.EntityFramework.Core.csproj", "{5B37D95A-0552-4AE6-8CFD-AC29E6525EE8}"
EndProject
Project("{9A19103F-16F7-4668-BE54-9A1E7A4F7556}") = "SmartLibrary.User.Web", "SmartLibrary.User.Web.Entry\SmartLibrary.User.Web.csproj", "{F73E984A-B99D-48D4-99FA-DB004C90DB8D}"
EndProject
Global
	GlobalSection(SolutionConfigurationPlatforms) = preSolution
		Debug|Any CPU = Debug|Any CPU
		Release|Any CPU = Release|Any CPU
	EndGlobalSection
	GlobalSection(ProjectConfigurationPlatforms) = postSolution
		{C897210D-6C64-4CBC-93F3-B4C847FB626A}.Debug|Any CPU.ActiveCfg = Debug|Any CPU
		{C897210D-6C64-4CBC-93F3-B4C847FB626A}.Debug|Any CPU.Build.0 = Debug|Any CPU
		{C897210D-6C64-4CBC-93F3-B4C847FB626A}.Release|Any CPU.ActiveCfg = Release|Any CPU
		{C897210D-6C64-4CBC-93F3-B4C847FB626A}.Release|Any CPU.Build.0 = Release|Any CPU
		{B3A2462C-7B5A-4A4B-8E87-7863C776E89C}.Debug|Any CPU.ActiveCfg = Debug|Any CPU
		{B3A2462C-7B5A-4A4B-8E87-7863C776E89C}.Debug|Any CPU.Build.0 = Debug|Any CPU
		{B3A2462C-7B5A-4A4B-8E87-7863C776E89C}.Release|Any CPU.ActiveCfg = Release|Any CPU
		{B3A2462C-7B5A-4A4B-8E87-7863C776E89C}.Release|Any CPU.Build.0 = Release|Any CPU
		{C65AC1E5-AAE4-4C4C-B93F-D28023BE853F}.Debug|Any CPU.ActiveCfg = Debug|Any CPU
		{C65AC1E5-AAE4-4C4C-B93F-D28023BE853F}.Debug|Any CPU.Build.0 = Debug|Any CPU
		{C65AC1E5-AAE4-4C4C-B93F-D28023BE853F}.Release|Any CPU.ActiveCfg = Release|Any CPU
		{C65AC1E5-AAE4-4C4C-B93F-D28023BE853F}.Release|Any CPU.Build.0 = Release|Any CPU
		{5B37D95A-0552-4AE6-8CFD-AC29E6525EE8}.Debug|Any CPU.ActiveCfg = Debug|Any CPU
		{5B37D95A-0552-4AE6-8CFD-AC29E6525EE8}.Debug|Any CPU.Build.0 = Debug|Any CPU
		{5B37D95A-0552-4AE6-8CFD-AC29E6525EE8}.Release|Any CPU.ActiveCfg = Release|Any CPU
		{5B37D95A-0552-4AE6-8CFD-AC29E6525EE8}.Release|Any CPU.Build.0 = Release|Any CPU
		{F73E984A-B99D-48D4-99FA-DB004C90DB8D}.Debug|Any CPU.ActiveCfg = Debug|Any CPU
		{F73E984A-B99D-48D4-99FA-DB004C90DB8D}.Debug|Any CPU.Build.0 = Debug|Any CPU
		{F73E984A-B99D-48D4-99FA-DB004C90DB8D}.Release|Any CPU.ActiveCfg = Release|Any CPU
		{F73E984A-B99D-48D4-99FA-DB004C90DB8D}.Release|Any CPU.Build.0 = Release|Any CPU
	EndGlobalSection
	GlobalSection(SolutionProperties) = preSolution
		HideSolutionNode = FALSE
	EndGlobalSection
	GlobalSection(ExtensibilityGlobals) = postSolution
		SolutionGuid = {0EC6D8BA-5314-4D3D-9358-4652BE19D7DC}
	EndGlobalSection
EndGlobal
